
Microsoft Visual Studio Solution File, Format Version 12.00
# Visual Studio 15
VisualStudioVersion = 15.0.28307.1062
MinimumVisualStudioVersion = 10.0.40219.1
Project("{FAE04EC0-301F-11D3-BF4B-00C04F79EFBC}") = "TransportCanada", "TransportCanada\TransportCanada.csproj", "{5D0E1FBD-8CBD-4FF2-9ECB-59D99498536A}"
EndProject
Global
	GlobalSection(SolutionConfigurationPlatforms) = preSolution
		Debug|Any CPU = Debug|Any CPU
		Release|Any CPU = Release|Any CPU
	EndGlobalSection
	GlobalSection(ProjectConfigurationPlatforms) = postSolution
		{5D0E1FBD-8CBD-4FF2-9ECB-59D99498536A}.Debug|Any CPU.ActiveCfg = Debug|Any CPU
		{5D0E1FBD-8CBD-4FF2-9ECB-59D99498536A}.Debug|Any CPU.Build.0 = Debug|Any CPU
		{5D0E1FBD-8CBD-4FF2-9ECB-59D99498536A}.Release|Any CPU.ActiveCfg = Release|Any CPU
		{5D0E1FBD-8CBD-4FF2-9ECB-59D99498536A}.Release|Any CPU.Build.0 = Release|Any CPU
	EndGlobalSection
	GlobalSection(SolutionProperties) = preSolution
		HideSolutionNode = FALSE
	EndGlobalSection
	GlobalSection(ExtensibilityGlobals) = postSolution
		SolutionGuid = {117799F7-598C-4907-9793-427A1A02D1D2}
	EndGlobalSection
EndGlobal
